// !$*UTF8*$!
{
	archiveVersion = 1;
	classes = {
	};
	objectVersion = 46;
	objects = {

/* Begin PBXBuildFile section */
		565F95F51A0B74CE009DAF5D /* Foundation.framework in Frameworks */ = {isa = PBXBuildFile; fileRef = 565F95F41A0B74CE009DAF5D /* Foundation.framework */; };
		565F95F71A0B74CE009DAF5D /* CoreGraphics.framework in Frameworks */ = {isa = PBXBuildFile; fileRef = 565F95F61A0B74CE009DAF5D /* CoreGraphics.framework */; };
		565F95F91A0B74CE009DAF5D /* UIKit.framework in Frameworks */ = {isa = PBXBuildFile; fileRef = 565F95F81A0B74CE009DAF5D /* UIKit.framework */; };
		565F95FF1A0B74CE009DAF5D /* InfoPlist.strings in Resources */ = {isa = PBXBuildFile; fileRef = 565F95FD1A0B74CE009DAF5D /* InfoPlist.strings */; };
		565F96011A0B74CE009DAF5D /* main.m in Sources */ = {isa = PBXBuildFile; fileRef = 565F96001A0B74CE009DAF5D /* main.m */; };
		565F96051A0B74CE009DAF5D /* XAppDelegate.m in Sources */ = {isa = PBXBuildFile; fileRef = 565F96041A0B74CE009DAF5D /* XAppDelegate.m */; };
		565F96081A0B74CE009DAF5D /* Main.storyboard in Resources */ = {isa = PBXBuildFile; fileRef = 565F96061A0B74CE009DAF5D /* Main.storyboard */; };
		565F960B1A0B74CE009DAF5D /* XViewController.m in Sources */ = {isa = PBXBuildFile; fileRef = 565F960A1A0B74CE009DAF5D /* XViewController.m */; };
		565F960D1A0B74CE009DAF5D /* Images.xcassets in Resources */ = {isa = PBXBuildFile; fileRef = 565F960C1A0B74CE009DAF5D /* Images.xcassets */; };
		565F96141A0B74CE009DAF5D /* XCTest.framework in Frameworks */ = {isa = PBXBuildFile; fileRef = 565F96131A0B74CE009DAF5D /* XCTest.framework */; };
		565F96151A0B74CE009DAF5D /* Foundation.framework in Frameworks */ = {isa = PBXBuildFile; fileRef = 565F95F41A0B74CE009DAF5D /* Foundation.framework */; };
		565F96161A0B74CE009DAF5D /* UIKit.framework in Frameworks */ = {isa = PBXBuildFile; fileRef = 565F95F81A0B74CE009DAF5D /* UIKit.framework */; };
		565F961E1A0B74CE009DAF5D /* InfoPlist.strings in Resources */ = {isa = PBXBuildFile; fileRef = 565F961C1A0B74CE009DAF5D /* InfoPlist.strings */; };
		565F96201A0B74CE009DAF5D /* XBrowserTests.m in Sources */ = {isa = PBXBuildFile; fileRef = 565F961F1A0B74CE009DAF5D /* XBrowserTests.m */; };
		565F963F1A0B74DF009DAF5D /* MBProgressHUD+Add.m in Sources */ = {isa = PBXBuildFile; fileRef = 565F962C1A0B74DF009DAF5D /* MBProgressHUD+Add.m */; };
		565F96401A0B74DF009DAF5D /* SDWebImageManager+MJ.m in Sources */ = {isa = PBXBuildFile; fileRef = 565F962E1A0B74DF009DAF5D /* SDWebImageManager+MJ.m */; };
		565F96411A0B74DF009DAF5D /* UIImageView+MJWebCache.m in Sources */ = {isa = PBXBuildFile; fileRef = 565F96301A0B74DF009DAF5D /* UIImageView+MJWebCache.m */; };
		565F96421A0B74DF009DAF5D /* MJPhoto.m in Sources */ = {isa = PBXBuildFile; fileRef = 565F96321A0B74DF009DAF5D /* MJPhoto.m */; };
		565F96431A0B74DF009DAF5D /* MJPhotoBrowser.bundle in Resources */ = {isa = PBXBuildFile; fileRef = 565F96331A0B74DF009DAF5D /* MJPhotoBrowser.bundle */; };
		565F96441A0B74DF009DAF5D /* MJPhotoBrowser.m in Sources */ = {isa = PBXBuildFile; fileRef = 565F96351A0B74DF009DAF5D /* MJPhotoBrowser.m */; };
		565F96451A0B74DF009DAF5D /* MJPhotoLoadingView.m in Sources */ = {isa = PBXBuildFile; fileRef = 565F96371A0B74DF009DAF5D /* MJPhotoLoadingView.m */; };
		565F96461A0B74DF009DAF5D /* MJPhotoProgressView.m in Sources */ = {isa = PBXBuildFile; fileRef = 565F96391A0B74DF009DAF5D /* MJPhotoProgressView.m */; };
		565F96471A0B74DF009DAF5D /* MJPhotoToolbar.m in Sources */ = {isa = PBXBuildFile; fileRef = 565F963B1A0B74DF009DAF5D /* MJPhotoToolbar.m */; };
		565F96481A0B74DF009DAF5D /* MJPhotoView.m in Sources */ = {isa = PBXBuildFile; fileRef = 565F963D1A0B74DF009DAF5D /* MJPhotoView.m */; };
		565F96491A0B74DF009DAF5D /* readme.rtf in Resources */ = {isa = PBXBuildFile; fileRef = 565F963E1A0B74DF009DAF5D /* readme.rtf */; };
		565F966C1A0B74F9009DAF5D /* MKAnnotationView+WebCache.m in Sources */ = {isa = PBXBuildFile; fileRef = 565F964C1A0B74F9009DAF5D /* MKAnnotationView+WebCache.m */; };
		565F966D1A0B74F9009DAF5D /* NSData+ImageContentType.m in Sources */ = {isa = PBXBuildFile; fileRef = 565F964E1A0B74F9009DAF5D /* NSData+ImageContentType.m */; };
		565F966E1A0B74F9009DAF5D /* SDImageCache.m in Sources */ = {isa = PBXBuildFile; fileRef = 565F96501A0B74F9009DAF5D /* SDImageCache.m */; };
		565F966F1A0B74F9009DAF5D /* SDWebImageCompat.m in Sources */ = {isa = PBXBuildFile; fileRef = 565F96521A0B74F9009DAF5D /* SDWebImageCompat.m */; };
		565F96701A0B74F9009DAF5D /* SDWebImageDecoder.m in Sources */ = {isa = PBXBuildFile; fileRef = 565F96541A0B74F9009DAF5D /* SDWebImageDecoder.m */; };
		565F96711A0B74F9009DAF5D /* SDWebImageDownloader.m in Sources */ = {isa = PBXBuildFile; fileRef = 565F96561A0B74F9009DAF5D /* SDWebImageDownloader.m */; };
		565F96721A0B74F9009DAF5D /* SDWebImageDownloaderOperation.m in Sources */ = {isa = PBXBuildFile; fileRef = 565F96581A0B74F9009DAF5D /* SDWebImageDownloaderOperation.m */; };
		565F96731A0B74F9009DAF5D /* SDWebImageManager.m in Sources */ = {isa = PBXBuildFile; fileRef = 565F965A1A0B74F9009DAF5D /* SDWebImageManager.m */; };
		565F96741A0B74F9009DAF5D /* SDWebImagePrefetcher.m in Sources */ = {isa = PBXBuildFile; fileRef = 565F965D1A0B74F9009DAF5D /* SDWebImagePrefetcher.m */; };
		565F96751A0B74F9009DAF5D /* UIButton+WebCache.m in Sources */ = {isa = PBXBuildFile; fileRef = 565F965F1A0B74F9009DAF5D /* UIButton+WebCache.m */; };
		565F96761A0B74F9009DAF5D /* UIImage+GIF.m in Sources */ = {isa = PBXBuildFile; fileRef = 565F96611A0B74F9009DAF5D /* UIImage+GIF.m */; };
		565F96771A0B74F9009DAF5D /* UIImage+MultiFormat.m in Sources */ = {isa = PBXBuildFile; fileRef = 565F96631A0B74F9009DAF5D /* UIImage+MultiFormat.m */; };
		565F96781A0B74F9009DAF5D /* UIImage+WebP.m in Sources */ = {isa = PBXBuildFile; fileRef = 565F96651A0B74F9009DAF5D /* UIImage+WebP.m */; };
		565F96791A0B74F9009DAF5D /* UIImageView+HighlightedWebCache.m in Sources */ = {isa = PBXBuildFile; fileRef = 565F96671A0B74F9009DAF5D /* UIImageView+HighlightedWebCache.m */; };
		565F967A1A0B74F9009DAF5D /* UIImageView+WebCache.m in Sources */ = {isa = PBXBuildFile; fileRef = 565F96691A0B74F9009DAF5D /* UIImageView+WebCache.m */; };
		565F967B1A0B74F9009DAF5D /* UIView+WebCacheOperation.m in Sources */ = {isa = PBXBuildFile; fileRef = 565F966B1A0B74F9009DAF5D /* UIView+WebCacheOperation.m */; };
		565F967E1A0B7512009DAF5D /* MBProgressHUD.m in Sources */ = {isa = PBXBuildFile; fileRef = 565F967D1A0B7512009DAF5D /* MBProgressHUD.m */; };
/* End PBXBuildFile section */

/* Begin PBXContainerItemProxy section */
		565F96171A0B74CE009DAF5D /* PBXContainerItemProxy */ = {
			isa = PBXContainerItemProxy;
			containerPortal = 565F95E91A0B74CE009DAF5D /* Project object */;
			proxyType = 1;
			remoteGlobalIDString = 565F95F01A0B74CE009DAF5D;
			remoteInfo = XBrowser;
		};
/* End PBXContainerItemProxy section */

/* Begin PBXFileReference section */
		565F95F11A0B74CE009DAF5D /* XBrowser.app */ = {isa = PBXFileReference; explicitFileType = wrapper.application; includeInIndex = 0; path = XBrowser.app; sourceTree = BUILT_PRODUCTS_DIR; };
		565F95F41A0B74CE009DAF5D /* Foundation.framework */ = {isa = PBXFileReference; lastKnownFileType = wrapper.framework; name = Foundation.framework; path = System/Library/Frameworks/Foundation.framework; sourceTree = SDKROOT; };
		565F95F61A0B74CE009DAF5D /* CoreGraphics.framework */ = {isa = PBXFileReference; lastKnownFileType = wrapper.framework; name = CoreGraphics.framework; path = System/Library/Frameworks/CoreGraphics.framework; sourceTree = SDKROOT; };
		565F95F81A0B74CE009DAF5D /* UIKit.framework */ = {isa = PBXFileReference; lastKnownFileType = wrapper.framework; name = UIKit.framework; path = System/Library/Frameworks/UIKit.framework; sourceTree = SDKROOT; };
		565F95FC1A0B74CE009DAF5D /* XBrowser-Info.plist */ = {isa = PBXFileReference; lastKnownFileType = text.plist.xml; path = "XBrowser-Info.plist"; sourceTree = "<group>"; };
		565F95FE1A0B74CE009DAF5D /* en */ = {isa = PBXFileReference; lastKnownFileType = text.plist.strings; name = en; path = en.lproj/InfoPlist.strings; sourceTree = "<group>"; };
		565F96001A0B74CE009DAF5D /* main.m */ = {isa = PBXFileReference; lastKnownFileType = sourcecode.c.objc; path = main.m; sourceTree = "<group>"; };
		565F96021A0B74CE009DAF5D /* XBrowser-Prefix.pch */ = {isa = PBXFileReference; lastKnownFileType = sourcecode.c.h; path = "XBrowser-Prefix.pch"; sourceTree = "<group>"; };
		565F96031A0B74CE009DAF5D /* XAppDelegate.h */ = {isa = PBXFileReference; lastKnownFileType = sourcecode.c.h; path = XAppDelegate.h; sourceTree = "<group>"; };
		565F96041A0B74CE009DAF5D /* XAppDelegate.m */ = {isa = PBXFileReference; lastKnownFileType = sourcecode.c.objc; path = XAppDelegate.m; sourceTree = "<group>"; };
		565F96071A0B74CE009DAF5D /* Base */ = {isa = PBXFileReference; lastKnownFileType = file.storyboard; name = Base; path = Base.lproj/Main.storyboard; sourceTree = "<group>"; };
		565F96091A0B74CE009DAF5D /* XViewController.h */ = {isa = PBXFileReference; lastKnownFileType = sourcecode.c.h; path = XViewController.h; sourceTree = "<group>"; };
		565F960A1A0B74CE009DAF5D /* XViewController.m */ = {isa = PBXFileReference; lastKnownFileType = sourcecode.c.objc; path = XViewController.m; sourceTree = "<group>"; };
		565F960C1A0B74CE009DAF5D /* Images.xcassets */ = {isa = PBXFileReference; lastKnownFileType = folder.assetcatalog; path = Images.xcassets; sourceTree = "<group>"; };
		565F96121A0B74CE009DAF5D /* XBrowserTests.xctest */ = {isa = PBXFileReference; explicitFileType = wrapper.cfbundle; includeInIndex = 0; path = XBrowserTests.xctest; sourceTree = BUILT_PRODUCTS_DIR; };
		565F96131A0B74CE009DAF5D /* XCTest.framework */ = {isa = PBXFileReference; lastKnownFileType = wrapper.framework; name = XCTest.framework; path = Library/Frameworks/XCTest.framework; sourceTree = DEVELOPER_DIR; };
		565F961B1A0B74CE009DAF5D /* XBrowserTests-Info.plist */ = {isa = PBXFileReference; lastKnownFileType = text.plist.xml; path = "XBrowserTests-Info.plist"; sourceTree = "<group>"; };
		565F961D1A0B74CE009DAF5D /* en */ = {isa = PBXFileReference; lastKnownFileType = text.plist.strings; name = en; path = en.lproj/InfoPlist.strings; sourceTree = "<group>"; };
		565F961F1A0B74CE009DAF5D /* XBrowserTests.m */ = {isa = PBXFileReference; lastKnownFileType = sourcecode.c.objc; path = XBrowserTests.m; sourceTree = "<group>"; };
		565F962B1A0B74DF009DAF5D /* MBProgressHUD+Add.h */ = {isa = PBXFileReference; fileEncoding = 4; lastKnownFileType = sourcecode.c.h; path = "MBProgressHUD+Add.h"; sourceTree = "<group>"; };
		565F962C1A0B74DF009DAF5D /* MBProgressHUD+Add.m */ = {isa = PBXFileReference; fileEncoding = 4; lastKnownFileType = sourcecode.c.objc; path = "MBProgressHUD+Add.m"; sourceTree = "<group>"; };
		565F962D1A0B74DF009DAF5D /* SDWebImageManager+MJ.h */ = {isa = PBXFileReference; fileEncoding = 4; lastKnownFileType = sourcecode.c.h; path = "SDWebImageManager+MJ.h"; sourceTree = "<group>"; };
		565F962E1A0B74DF009DAF5D /* SDWebImageManager+MJ.m */ = {isa = PBXFileReference; fileEncoding = 4; lastKnownFileType = sourcecode.c.objc; path = "SDWebImageManager+MJ.m"; sourceTree = "<group>"; };
		565F962F1A0B74DF009DAF5D /* UIImageView+MJWebCache.h */ = {isa = PBXFileReference; fileEncoding = 4; lastKnownFileType = sourcecode.c.h; path = "UIImageView+MJWebCache.h"; sourceTree = "<group>"; };
		565F96301A0B74DF009DAF5D /* UIImageView+MJWebCache.m */ = {isa = PBXFileReference; fileEncoding = 4; lastKnownFileType = sourcecode.c.objc; path = "UIImageView+MJWebCache.m"; sourceTree = "<group>"; };
		565F96311A0B74DF009DAF5D /* MJPhoto.h */ = {isa = PBXFileReference; fileEncoding = 4; lastKnownFileType = sourcecode.c.h; path = MJPhoto.h; sourceTree = "<group>"; };
		565F96321A0B74DF009DAF5D /* MJPhoto.m */ = {isa = PBXFileReference; fileEncoding = 4; lastKnownFileType = sourcecode.c.objc; path = MJPhoto.m; sourceTree = "<group>"; };
		565F96331A0B74DF009DAF5D /* MJPhotoBrowser.bundle */ = {isa = PBXFileReference; lastKnownFileType = "wrapper.plug-in"; path = MJPhotoBrowser.bundle; sourceTree = "<group>"; };
		565F96341A0B74DF009DAF5D /* MJPhotoBrowser.h */ = {isa = PBXFileReference; fileEncoding = 4; lastKnownFileType = sourcecode.c.h; path = MJPhotoBrowser.h; sourceTree = "<group>"; };
		565F96351A0B74DF009DAF5D /* MJPhotoBrowser.m */ = {isa = PBXFileReference; fileEncoding = 4; lastKnownFileType = sourcecode.c.objc; path = MJPhotoBrowser.m; sourceTree = "<group>"; };
		565F96361A0B74DF009DAF5D /* MJPhotoLoadingView.h */ = {isa = PBXFileReference; fileEncoding = 4; lastKnownFileType = sourcecode.c.h; path = MJPhotoLoadingView.h; sourceTree = "<group>"; };
		565F96371A0B74DF009DAF5D /* MJPhotoLoadingView.m */ = {isa = PBXFileReference; fileEncoding = 4; lastKnownFileType = sourcecode.c.objc; path = MJPhotoLoadingView.m; sourceTree = "<group>"; };
		565F96381A0B74DF009DAF5D /* MJPhotoProgressView.h */ = {isa = PBXFileReference; fileEncoding = 4; lastKnownFileType = sourcecode.c.h; path = MJPhotoProgressView.h; sourceTree = "<group>"; };
		565F96391A0B74DF009DAF5D /* MJPhotoProgressView.m */ = {isa = PBXFileReference; fileEncoding = 4; lastKnownFileType = sourcecode.c.objc; path = MJPhotoProgressView.m; sourceTree = "<group>"; };
		565F963A1A0B74DF009DAF5D /* MJPhotoToolbar.h */ = {isa = PBXFileReference; fileEncoding = 4; lastKnownFileType = sourcecode.c.h; path = MJPhotoToolbar.h; sourceTree = "<group>"; };
		565F963B1A0B74DF009DAF5D /* MJPhotoToolbar.m */ = {isa = PBXFileReference; fileEncoding = 4; lastKnownFileType = sourcecode.c.objc; path = MJPhotoToolbar.m; sourceTree = "<group>"; };
		565F963C1A0B74DF009DAF5D /* MJPhotoView.h */ = {isa = PBXFileReference; fileEncoding = 4; lastKnownFileType = sourcecode.c.h; path = MJPhotoView.h; sourceTree = "<group>"; };
		565F963D1A0B74DF009DAF5D /* MJPhotoView.m */ = {isa = PBXFileReference; fileEncoding = 4; lastKnownFileType = sourcecode.c.objc; path = MJPhotoView.m; sourceTree = "<group>"; };
		565F963E1A0B74DF009DAF5D /* readme.rtf */ = {isa = PBXFileReference; fileEncoding = 4; lastKnownFileType = text.rtf; path = readme.rtf; sourceTree = "<group>"; };
		565F964B1A0B74F9009DAF5D /* MKAnnotationView+WebCache.h */ = {isa = PBXFileReference; fileEncoding = 4; lastKnownFileType = sourcecode.c.h; path = "MKAnnotationView+WebCache.h"; sourceTree = "<group>"; };
		565F964C1A0B74F9009DAF5D /* MKAnnotationView+WebCache.m */ = {isa = PBXFileReference; fileEncoding = 4; lastKnownFileType = sourcecode.c.objc; path = "MKAnnotationView+WebCache.m"; sourceTree = "<group>"; };
		565F964D1A0B74F9009DAF5D /* NSData+ImageContentType.h */ = {isa = PBXFileReference; fileEncoding = 4; lastKnownFileType = sourcecode.c.h; path = "NSData+ImageContentType.h"; sourceTree = "<group>"; };
		565F964E1A0B74F9009DAF5D /* NSData+ImageContentType.m */ = {isa = PBXFileReference; fileEncoding = 4; lastKnownFileType = sourcecode.c.objc; path = "NSData+ImageContentType.m"; sourceTree = "<group>"; };
		565F964F1A0B74F9009DAF5D /* SDImageCache.h */ = {isa = PBXFileReference; fileEncoding = 4; lastKnownFileType = sourcecode.c.h; path = SDImageCache.h; sourceTree = "<group>"; };
		565F96501A0B74F9009DAF5D /* SDImageCache.m */ = {isa = PBXFileReference; fileEncoding = 4; lastKnownFileType = sourcecode.c.objc; path = SDImageCache.m; sourceTree = "<group>"; };
		565F96511A0B74F9009DAF5D /* SDWebImageCompat.h */ = {isa = PBXFileReference; fileEncoding = 4; lastKnownFileType = sourcecode.c.h; path = SDWebImageCompat.h; sourceTree = "<group>"; };
		565F96521A0B74F9009DAF5D /* SDWebImageCompat.m */ = {isa = PBXFileReference; fileEncoding = 4; lastKnownFileType = sourcecode.c.objc; path = SDWebImageCompat.m; sourceTree = "<group>"; };
		565F96531A0B74F9009DAF5D /* SDWebImageDecoder.h */ = {isa = PBXFileReference; fileEncoding = 4; lastKnownFileType = sourcecode.c.h; path = SDWebImageDecoder.h; sourceTree = "<group>"; };
		565F96541A0B74F9009DAF5D /* SDWebImageDecoder.m */ = {isa = PBXFileReference; fileEncoding = 4; lastKnownFileType = sourcecode.c.objc; path = SDWebImageDecoder.m; sourceTree = "<group>"; };
		565F96551A0B74F9009DAF5D /* SDWebImageDownloader.h */ = {isa = PBXFileReference; fileEncoding = 4; lastKnownFileType = sourcecode.c.h; path = SDWebImageDownloader.h; sourceTree = "<group>"; };
		565F96561A0B74F9009DAF5D /* SDWebImageDownloader.m */ = {isa = PBXFileReference; fileEncoding = 4; lastKnownFileType = sourcecode.c.objc; path = SDWebImageDownloader.m; sourceTree = "<group>"; };
		565F96571A0B74F9009DAF5D /* SDWebImageDownloaderOperation.h */ = {isa = PBXFileReference; fileEncoding = 4; lastKnownFileType = sourcecode.c.h; path = SDWebImageDownloaderOperation.h; sourceTree = "<group>"; };
		565F96581A0B74F9009DAF5D /* SDWebImageDownloaderOperation.m */ = {isa = PBXFileReference; fileEncoding = 4; lastKnownFileType = sourcecode.c.objc; path = SDWebImageDownloaderOperation.m; sourceTree = "<group>"; };
		565F96591A0B74F9009DAF5D /* SDWebImageManager.h */ = {isa = PBXFileReference; fileEncoding = 4; lastKnownFileType = sourcecode.c.h; path = SDWebImageManager.h; sourceTree = "<group>"; };
		565F965A1A0B74F9009DAF5D /* SDWebImageManager.m */ = {isa = PBXFileReference; fileEncoding = 4; lastKnownFileType = sourcecode.c.objc; path = SDWebImageManager.m; sourceTree = "<group>"; };
		565F965B1A0B74F9009DAF5D /* SDWebImageOperation.h */ = {isa = PBXFileReference; fileEncoding = 4; lastKnownFileType = sourcecode.c.h; path = SDWebImageOperation.h; sourceTree = "<group>"; };
		565F965C1A0B74F9009DAF5D /* SDWebImagePrefetcher.h */ = {isa = PBXFileReference; fileEncoding = 4; lastKnownFileType = sourcecode.c.h; path = SDWebImagePrefetcher.h; sourceTree = "<group>"; };
		565F965D1A0B74F9009DAF5D /* SDWebImagePrefetcher.m */ = {isa = PBXFileReference; fileEncoding = 4; lastKnownFileType = sourcecode.c.objc; path = SDWebImagePrefetcher.m; sourceTree = "<group>"; };
		565F965E1A0B74F9009DAF5D /* UIButton+WebCache.h */ = {isa = PBXFileReference; fileEncoding = 4; lastKnownFileType = sourcecode.c.h; path = "UIButton+WebCache.h"; sourceTree = "<group>"; };
		565F965F1A0B74F9009DAF5D /* UIButton+WebCache.m */ = {isa = PBXFileReference; fileEncoding = 4; lastKnownFileType = sourcecode.c.objc; path = "UIButton+WebCache.m"; sourceTree = "<group>"; };
		565F96601A0B74F9009DAF5D /* UIImage+GIF.h */ = {isa = PBXFileReference; fileEncoding = 4; lastKnownFileType = sourcecode.c.h; path = "UIImage+GIF.h"; sourceTree = "<group>"; };
		565F96611A0B74F9009DAF5D /* UIImage+GIF.m */ = {isa = PBXFileReference; fileEncoding = 4; lastKnownFileType = sourcecode.c.objc; path = "UIImage+GIF.m"; sourceTree = "<group>"; };
		565F96621A0B74F9009DAF5D /* UIImage+MultiFormat.h */ = {isa = PBXFileReference; fileEncoding = 4; lastKnownFileType = sourcecode.c.h; path = "UIImage+MultiFormat.h"; sourceTree = "<group>"; };
		565F96631A0B74F9009DAF5D /* UIImage+MultiFormat.m */ = {isa = PBXFileReference; fileEncoding = 4; lastKnownFileType = sourcecode.c.objc; path = "UIImage+MultiFormat.m"; sourceTree = "<group>"; };
		565F96641A0B74F9009DAF5D /* UIImage+WebP.h */ = {isa = PBXFileReference; fileEncoding = 4; lastKnownFileType = sourcecode.c.h; path = "UIImage+WebP.h"; sourceTree = "<group>"; };
		565F96651A0B74F9009DAF5D /* UIImage+WebP.m */ = {isa = PBXFileReference; fileEncoding = 4; lastKnownFileType = sourcecode.c.objc; path = "UIImage+WebP.m"; sourceTree = "<group>"; };
		565F96661A0B74F9009DAF5D /* UIImageView+HighlightedWebCache.h */ = {isa = PBXFileReference; fileEncoding = 4; lastKnownFileType = sourcecode.c.h; path = "UIImageView+HighlightedWebCache.h"; sourceTree = "<group>"; };
		565F96671A0B74F9009DAF5D /* UIImageView+HighlightedWebCache.m */ = {isa = PBXFileReference; fileEncoding = 4; lastKnownFileType = sourcecode.c.objc; path = "UIImageView+HighlightedWebCache.m"; sourceTree = "<group>"; };
		565F96681A0B74F9009DAF5D /* UIImageView+WebCache.h */ = {isa = PBXFileReference; fileEncoding = 4; lastKnownFileType = sourcecode.c.h; path = "UIImageView+WebCache.h"; sourceTree = "<group>"; };
		565F96691A0B74F9009DAF5D /* UIImageView+WebCache.m */ = {isa = PBXFileReference; fileEncoding = 4; lastKnownFileType = sourcecode.c.objc; path = "UIImageView+WebCache.m"; sourceTree = "<group>"; };
		565F966A1A0B74F9009DAF5D /* UIView+WebCacheOperation.h */ = {isa = PBXFileReference; fileEncoding = 4; lastKnownFileType = sourcecode.c.h; path = "UIView+WebCacheOperation.h"; sourceTree = "<group>"; };
		565F966B1A0B74F9009DAF5D /* UIView+WebCacheOperation.m */ = {isa = PBXFileReference; fileEncoding = 4; lastKnownFileType = sourcecode.c.objc; path = "UIView+WebCacheOperation.m"; sourceTree = "<group>"; };
		565F967C1A0B7512009DAF5D /* MBProgressHUD.h */ = {isa = PBXFileReference; fileEncoding = 4; lastKnownFileType = sourcecode.c.h; path = MBProgressHUD.h; sourceTree = "<group>"; };
		565F967D1A0B7512009DAF5D /* MBProgressHUD.m */ = {isa = PBXFileReference; fileEncoding = 4; lastKnownFileType = sourcecode.c.objc; path = MBProgressHUD.m; sourceTree = "<group>"; };
/* End PBXFileReference section */

/* Begin PBXFrameworksBuildPhase section */
		565F95EE1A0B74CE009DAF5D /* Frameworks */ = {
			isa = PBXFrameworksBuildPhase;
			buildActionMask = 2147483647;
			files = (
				565F95F71A0B74CE009DAF5D /* CoreGraphics.framework in Frameworks */,
				565F95F91A0B74CE009DAF5D /* UIKit.framework in Frameworks */,
				565F95F51A0B74CE009DAF5D /* Foundation.framework in Frameworks */,
			);
			runOnlyForDeploymentPostprocessing = 0;
		};
		565F960F1A0B74CE009DAF5D /* Frameworks */ = {
			isa = PBXFrameworksBuildPhase;
			buildActionMask = 2147483647;
			files = (
				565F96141A0B74CE009DAF5D /* XCTest.framework in Frameworks */,
				565F96161A0B74CE009DAF5D /* UIKit.framework in Frameworks */,
				565F96151A0B74CE009DAF5D /* Foundation.framework in Frameworks */,
			);
			runOnlyForDeploymentPostprocessing = 0;
		};
/* End PBXFrameworksBuildPhase section */

/* Begin PBXGroup section */
		565F95E81A0B74CE009DAF5D = {
			isa = PBXGroup;
			children = (
				565F95FA1A0B74CE009DAF5D /* XBrowser */,
				565F96191A0B74CE009DAF5D /* XBrowserTests */,
				565F95F31A0B74CE009DAF5D /* Frameworks */,
				565F95F21A0B74CE009DAF5D /* Products */,
			);
			sourceTree = "<group>";
		};
		565F95F21A0B74CE009DAF5D /* Products */ = {
			isa = PBXGroup;
			children = (
				565F95F11A0B74CE009DAF5D /* XBrowser.app */,
				565F96121A0B74CE009DAF5D /* XBrowserTests.xctest */,
			);
			name = Products;
			sourceTree = "<group>";
		};
		565F95F31A0B74CE009DAF5D /* Frameworks */ = {
			isa = PBXGroup;
			children = (
				565F95F41A0B74CE009DAF5D /* Foundation.framework */,
				565F95F61A0B74CE009DAF5D /* CoreGraphics.framework */,
				565F95F81A0B74CE009DAF5D /* UIKit.framework */,
				565F96131A0B74CE009DAF5D /* XCTest.framework */,
			);
			name = Frameworks;
			sourceTree = "<group>";
		};
		565F95FA1A0B74CE009DAF5D /* XBrowser */ = {
			isa = PBXGroup;
			children = (
				565F967C1A0B7512009DAF5D /* MBProgressHUD.h */,
				565F967D1A0B7512009DAF5D /* MBProgressHUD.m */,
				565F964A1A0B74F9009DAF5D /* SDWebImage */,
				565F96291A0B74DF009DAF5D /* MJPhotoBrowser */,
				565F96031A0B74CE009DAF5D /* XAppDelegate.h */,
				565F96041A0B74CE009DAF5D /* XAppDelegate.m */,
				565F96061A0B74CE009DAF5D /* Main.storyboard */,
				565F96091A0B74CE009DAF5D /* XViewController.h */,
				565F960A1A0B74CE009DAF5D /* XViewController.m */,
				565F960C1A0B74CE009DAF5D /* Images.xcassets */,
				565F95FB1A0B74CE009DAF5D /* Supporting Files */,
			);
			path = XBrowser;
			sourceTree = "<group>";
		};
		565F95FB1A0B74CE009DAF5D /* Supporting Files */ = {
			isa = PBXGroup;
			children = (
				565F95FC1A0B74CE009DAF5D /* XBrowser-Info.plist */,
				565F95FD1A0B74CE009DAF5D /* InfoPlist.strings */,
				565F96001A0B74CE009DAF5D /* main.m */,
				565F96021A0B74CE009DAF5D /* XBrowser-Prefix.pch */,
			);
			name = "Supporting Files";
			sourceTree = "<group>";
		};
		565F96191A0B74CE009DAF5D /* XBrowserTests */ = {
			isa = PBXGroup;
			children = (
				565F961F1A0B74CE009DAF5D /* XBrowserTests.m */,
				565F961A1A0B74CE009DAF5D /* Supporting Files */,
			);
			path = XBrowserTests;
			sourceTree = "<group>";
		};
		565F961A1A0B74CE009DAF5D /* Supporting Files */ = {
			isa = PBXGroup;
			children = (
				565F961B1A0B74CE009DAF5D /* XBrowserTests-Info.plist */,
				565F961C1A0B74CE009DAF5D /* InfoPlist.strings */,
			);
			name = "Supporting Files";
			sourceTree = "<group>";
		};
		565F96291A0B74DF009DAF5D /* MJPhotoBrowser */ = {
			isa = PBXGroup;
			children = (
				565F962A1A0B74DF009DAF5D /* Category */,
				565F96311A0B74DF009DAF5D /* MJPhoto.h */,
				565F96321A0B74DF009DAF5D /* MJPhoto.m */,
				565F96331A0B74DF009DAF5D /* MJPhotoBrowser.bundle */,
				565F96341A0B74DF009DAF5D /* MJPhotoBrowser.h */,
				565F96351A0B74DF009DAF5D /* MJPhotoBrowser.m */,
				565F96361A0B74DF009DAF5D /* MJPhotoLoadingView.h */,
				565F96371A0B74DF009DAF5D /* MJPhotoLoadingView.m */,
				565F96381A0B74DF009DAF5D /* MJPhotoProgressView.h */,
				565F96391A0B74DF009DAF5D /* MJPhotoProgressView.m */,
				565F963A1A0B74DF009DAF5D /* MJPhotoToolbar.h */,
				565F963B1A0B74DF009DAF5D /* MJPhotoToolbar.m */,
				565F963C1A0B74DF009DAF5D /* MJPhotoView.h */,
				565F963D1A0B74DF009DAF5D /* MJPhotoView.m */,
				565F963E1A0B74DF009DAF5D /* readme.rtf */,
			);
			path = MJPhotoBrowser;
			sourceTree = "<group>";
		};
		565F962A1A0B74DF009DAF5D /* Category */ = {
			isa = PBXGroup;
			children = (
				565F962B1A0B74DF009DAF5D /* MBProgressHUD+Add.h */,
				565F962C1A0B74DF009DAF5D /* MBProgressHUD+Add.m */,
				565F962D1A0B74DF009DAF5D /* SDWebImageManager+MJ.h */,
				565F962E1A0B74DF009DAF5D /* SDWebImageManager+MJ.m */,
				565F962F1A0B74DF009DAF5D /* UIImageView+MJWebCache.h */,
				565F96301A0B74DF009DAF5D /* UIImageView+MJWebCache.m */,
			);
			path = Category;
			sourceTree = "<group>";
		};
		565F964A1A0B74F9009DAF5D /* SDWebImage */ = {
			isa = PBXGroup;
			children = (
				565F964B1A0B74F9009DAF5D /* MKAnnotationView+WebCache.h */,
				565F964C1A0B74F9009DAF5D /* MKAnnotationView+WebCache.m */,
				565F964D1A0B74F9009DAF5D /* NSData+ImageContentType.h */,
				565F964E1A0B74F9009DAF5D /* NSData+ImageContentType.m */,
				565F964F1A0B74F9009DAF5D /* SDImageCache.h */,
				565F96501A0B74F9009DAF5D /* SDImageCache.m */,
				565F96511A0B74F9009DAF5D /* SDWebImageCompat.h */,
				565F96521A0B74F9009DAF5D /* SDWebImageCompat.m */,
				565F96531A0B74F9009DAF5D /* SDWebImageDecoder.h */,
				565F96541A0B74F9009DAF5D /* SDWebImageDecoder.m */,
				565F96551A0B74F9009DAF5D /* SDWebImageDownloader.h */,
				565F96561A0B74F9009DAF5D /* SDWebImageDownloader.m */,
				565F96571A0B74F9009DAF5D /* SDWebImageDownloaderOperation.h */,
				565F96581A0B74F9009DAF5D /* SDWebImageDownloaderOperation.m */,
				565F96591A0B74F9009DAF5D /* SDWebImageManager.h */,
				565F965A1A0B74F9009DAF5D /* SDWebImageManager.m */,
				565F965B1A0B74F9009DAF5D /* SDWebImageOperation.h */,
				565F965C1A0B74F9009DAF5D /* SDWebImagePrefetcher.h */,
				565F965D1A0B74F9009DAF5D /* SDWebImagePrefetcher.m */,
				565F965E1A0B74F9009DAF5D /* UIButton+WebCache.h */,
				565F965F1A0B74F9009DAF5D /* UIButton+WebCache.m */,
				565F96601A0B74F9009DAF5D /* UIImage+GIF.h */,
				565F96611A0B74F9009DAF5D /* UIImage+GIF.m */,
				565F96621A0B74F9009DAF5D /* UIImage+MultiFormat.h */,
				565F96631A0B74F9009DAF5D /* UIImage+MultiFormat.m */,
				565F96641A0B74F9009DAF5D /* UIImage+WebP.h */,
				565F96651A0B74F9009DAF5D /* UIImage+WebP.m */,
				565F96661A0B74F9009DAF5D /* UIImageView+HighlightedWebCache.h */,
				565F96671A0B74F9009DAF5D /* UIImageView+HighlightedWebCache.m */,
				565F96681A0B74F9009DAF5D /* UIImageView+WebCache.h */,
				565F96691A0B74F9009DAF5D /* UIImageView+WebCache.m */,
				565F966A1A0B74F9009DAF5D /* UIView+WebCacheOperation.h */,
				565F966B1A0B74F9009DAF5D /* UIView+WebCacheOperation.m */,
			);
			path = SDWebImage;
			sourceTree = "<group>";
		};
/* End PBXGroup section */

/* Begin PBXNativeTarget section */
		565F95F01A0B74CE009DAF5D /* XBrowser */ = {
			isa = PBXNativeTarget;
			buildConfigurationList = 565F96231A0B74CE009DAF5D /* Build configuration list for PBXNativeTarget "XBrowser" */;
			buildPhases = (
				565F95ED1A0B74CE009DAF5D /* Sources */,
				565F95EE1A0B74CE009DAF5D /* Frameworks */,
				565F95EF1A0B74CE009DAF5D /* Resources */,
			);
			buildRules = (
			);
			dependencies = (
			);
			name = XBrowser;
			productName = XBrowser;
			productReference = 565F95F11A0B74CE009DAF5D /* XBrowser.app */;
			productType = "com.apple.product-type.application";
		};
		565F96111A0B74CE009DAF5D /* XBrowserTests */ = {
			isa = PBXNativeTarget;
			buildConfigurationList = 565F96261A0B74CE009DAF5D /* Build configuration list for PBXNativeTarget "XBrowserTests" */;
			buildPhases = (
				565F960E1A0B74CE009DAF5D /* Sources */,
				565F960F1A0B74CE009DAF5D /* Frameworks */,
				565F96101A0B74CE009DAF5D /* Resources */,
			);
			buildRules = (
			);
			dependencies = (
				565F96181A0B74CE009DAF5D /* PBXTargetDependency */,
			);
			name = XBrowserTests;
			productName = XBrowserTests;
			productReference = 565F96121A0B74CE009DAF5D /* XBrowserTests.xctest */;
			productType = "com.apple.product-type.bundle.unit-test";
		};
/* End PBXNativeTarget section */

/* Begin PBXProject section */
		565F95E91A0B74CE009DAF5D /* Project object */ = {
			isa = PBXProject;
			attributes = {
				CLASSPREFIX = X;
				LastUpgradeCheck = 0510;
				ORGANIZATIONNAME = gumeipost;
				TargetAttributes = {
					565F96111A0B74CE009DAF5D = {
						TestTargetID = 565F95F01A0B74CE009DAF5D;
					};
				};
			};
			buildConfigurationList = 565F95EC1A0B74CE009DAF5D /* Build configuration list for PBXProject "XBrowser" */;
			compatibilityVersion = "Xcode 3.2";
			developmentRegion = English;
			hasScannedForEncodings = 0;
			knownRegions = (
				en,
				Base,
			);
			mainGroup = 565F95E81A0B74CE009DAF5D;
			productRefGroup = 565F95F21A0B74CE009DAF5D /* Products */;
			projectDirPath = "";
			projectRoot = "";
			targets = (
				565F95F01A0B74CE009DAF5D /* XBrowser */,
				565F96111A0B74CE009DAF5D /* XBrowserTests */,
			);
		};
/* End PBXProject section */

/* Begin PBXResourcesBuildPhase section */
		565F95EF1A0B74CE009DAF5D /* Resources */ = {
			isa = PBXResourcesBuildPhase;
			buildActionMask = 2147483647;
			files = (
				565F96491A0B74DF009DAF5D /* readme.rtf in Resources */,
				565F960D1A0B74CE009DAF5D /* Images.xcassets in Resources */,
				565F95FF1A0B74CE009DAF5D /* InfoPlist.strings in Resources */,
				565F96431A0B74DF009DAF5D /* MJPhotoBrowser.bundle in Resources */,
				565F96081A0B74CE009DAF5D /* Main.storyboard in Resources */,
			);
			runOnlyForDeploymentPostprocessing = 0;
		};
		565F96101A0B74CE009DAF5D /* Resources */ = {
			isa = PBXResourcesBuildPhase;
			buildActionMask = 2147483647;
			files = (
				565F961E1A0B74CE009DAF5D /* InfoPlist.strings in Resources */,
			);
			runOnlyForDeploymentPostprocessing = 0;
		};
/* End PBXResourcesBuildPhase section */

/* Begin PBXSourcesBuildPhase section */
		565F95ED1A0B74CE009DAF5D /* Sources */ = {
			isa = PBXSourcesBuildPhase;
			buildActionMask = 2147483647;
			files = (
				565F96441A0B74DF009DAF5D /* MJPhotoBrowser.m in Sources */,
				565F96011A0B74CE009DAF5D /* main.m in Sources */,
				565F96781A0B74F9009DAF5D /* UIImage+WebP.m in Sources */,
				565F96421A0B74DF009DAF5D /* MJPhoto.m in Sources */,
				565F96751A0B74F9009DAF5D /* UIButton+WebCache.m in Sources */,
				565F96721A0B74F9009DAF5D /* SDWebImageDownloaderOperation.m in Sources */,
				565F96461A0B74DF009DAF5D /* MJPhotoProgressView.m in Sources */,
				565F966E1A0B74F9009DAF5D /* SDImageCache.m in Sources */,
				565F967E1A0B7512009DAF5D /* MBProgressHUD.m in Sources */,
				565F966D1A0B74F9009DAF5D /* NSData+ImageContentType.m in Sources */,
				565F96481A0B74DF009DAF5D /* MJPhotoView.m in Sources */,
				565F96701A0B74F9009DAF5D /* SDWebImageDecoder.m in Sources */,
				565F96051A0B74CE009DAF5D /* XAppDelegate.m in Sources */,
				565F96791A0B74F9009DAF5D /* UIImageView+HighlightedWebCache.m in Sources */,
				565F96471A0B74DF009DAF5D /* MJPhotoToolbar.m in Sources */,
				565F96711A0B74F9009DAF5D /* SDWebImageDownloader.m in Sources */,
				565F966F1A0B74F9009DAF5D /* SDWebImageCompat.m in Sources */,
				565F96401A0B74DF009DAF5D /* SDWebImageManager+MJ.m in Sources */,
				565F96761A0B74F9009DAF5D /* UIImage+GIF.m in Sources */,
				565F96771A0B74F9009DAF5D /* UIImage+MultiFormat.m in Sources */,
				565F960B1A0B74CE009DAF5D /* XViewController.m in Sources */,
				565F96741A0B74F9009DAF5D /* SDWebImagePrefetcher.m in Sources */,
				565F963F1A0B74DF009DAF5D /* MBProgressHUD+Add.m in Sources */,
				565F966C1A0B74F9009DAF5D /* MKAnnotationView+WebCache.m in Sources */,
				565F967A1A0B74F9009DAF5D /* UIImageView+WebCache.m in Sources */,
				565F967B1A0B74F9009DAF5D /* UIView+WebCacheOperation.m in Sources */,
				565F96731A0B74F9009DAF5D /* SDWebImageManager.m in Sources */,
				565F96451A0B74DF009DAF5D /* MJPhotoLoadingView.m in Sources */,
				565F96411A0B74DF009DAF5D /* UIImageView+MJWebCache.m in Sources */,
			);
			runOnlyForDeploymentPostprocessing = 0;
		};
		565F960E1A0B74CE009DAF5D /* Sources */ = {
			isa = PBXSourcesBuildPhase;
			buildActionMask = 2147483647;
			files = (
				565F96201A0B74CE009DAF5D /* XBrowserTests.m in Sources */,
			);
			runOnlyForDeploymentPostprocessing = 0;
		};
/* End PBXSourcesBuildPhase section */

/* Begin PBXTargetDependency section */
		565F96181A0B74CE009DAF5D /* PBXTargetDependency */ = {
			isa = PBXTargetDependency;
			target = 565F95F01A0B74CE009DAF5D /* XBrowser */;
			targetProxy = 565F96171A0B74CE009DAF5D /* PBXContainerItemProxy */;
		};
/* End PBXTargetDependency section */

/* Begin PBXVariantGroup section */
		565F95FD1A0B74CE009DAF5D /* InfoPlist.strings */ = {
			isa = PBXVariantGroup;
			children = (
				565F95FE1A0B74CE009DAF5D /* en */,
			);
			name = InfoPlist.strings;
			sourceTree = "<group>";
		};
		565F96061A0B74CE009DAF5D /* Main.storyboard */ = {
			isa = PBXVariantGroup;
			children = (
				565F96071A0B74CE009DAF5D /* Base */,
			);
			name = Main.storyboard;
			sourceTree = "<group>";
		};
		565F961C1A0B74CE009DAF5D /* InfoPlist.strings */ = {
			isa = PBXVariantGroup;
			children = (
				565F961D1A0B74CE009DAF5D /* en */,
			);
			name = InfoPlist.strings;
			sourceTree = "<group>";
		};
/* End PBXVariantGroup section */

/* Begin XCBuildConfiguration section */
		565F96211A0B74CE009DAF5D /* Debug */ = {
			isa = XCBuildConfiguration;
			buildSettings = {
				ALWAYS_SEARCH_USER_PATHS = NO;
				CLANG_CXX_LANGUAGE_STANDARD = "gnu++0x";
				CLANG_CXX_LIBRARY = "libc++";
				CLANG_ENABLE_MODULES = YES;
				CLANG_ENABLE_OBJC_ARC = YES;
				CLANG_WARN_BOOL_CONVERSION = YES;
				CLANG_WARN_CONSTANT_CONVERSION = YES;
				CLANG_WARN_DIRECT_OBJC_ISA_USAGE = YES_ERROR;
				CLANG_WARN_EMPTY_BODY = YES;
				CLANG_WARN_ENUM_CONVERSION = YES;
				CLANG_WARN_INT_CONVERSION = YES;
				CLANG_WARN_OBJC_ROOT_CLASS = YES_ERROR;
				CLANG_WARN__DUPLICATE_METHOD_MATCH = YES;
				"CODE_SIGN_IDENTITY[sdk=iphoneos*]" = "iPhone Developer";
				COPY_PHASE_STRIP = NO;
				GCC_C_LANGUAGE_STANDARD = gnu99;
				GCC_DYNAMIC_NO_PIC = NO;
				GCC_OPTIMIZATION_LEVEL = 0;
				GCC_PREPROCESSOR_DEFINITIONS = (
					"DEBUG=1",
					"$(inherited)",
				);
				GCC_SYMBOLS_PRIVATE_EXTERN = NO;
				GCC_WARN_64_TO_32_BIT_CONVERSION = YES;
				GCC_WARN_ABOUT_RETURN_TYPE = YES_ERROR;
				GCC_WARN_UNDECLARED_SELECTOR = YES;
				GCC_WARN_UNINITIALIZED_AUTOS = YES_AGGRESSIVE;
				GCC_WARN_UNUSED_FUNCTION = YES;
				GCC_WARN_UNUSED_VARIABLE = YES;
				IPHONEOS_DEPLOYMENT_TARGET = 7.1;
				ONLY_ACTIVE_ARCH = YES;
				SDKROOT = iphoneos;
			};
			name = Debug;
		};
		565F96221A0B74CE009DAF5D /* Release */ = {
			isa = XCBuildConfiguration;
			buildSettings = {
				ALWAYS_SEARCH_USER_PATHS = NO;
				CLANG_CXX_LANGUAGE_STANDARD = "gnu++0x";
				CLANG_CXX_LIBRARY = "libc++";
				CLANG_ENABLE_MODULES = YES;
				CLANG_ENABLE_OBJC_ARC = YES;
				CLANG_WARN_BOOL_CONVERSION = YES;
				CLANG_WARN_CONSTANT_CONVERSION = YES;
				CLANG_WARN_DIRECT_OBJC_ISA_USAGE = YES_ERROR;
				CLANG_WARN_EMPTY_BODY = YES;
				CLANG_WARN_ENUM_CONVERSION = YES;
				CLANG_WARN_INT_CONVERSION = YES;
				CLANG_WARN_OBJC_ROOT_CLASS = YES_ERROR;
				CLANG_WARN__DUPLICATE_METHOD_MATCH = YES;
				"CODE_SIGN_IDENTITY[sdk=iphoneos*]" = "iPhone Developer";
				COPY_PHASE_STRIP = YES;
				ENABLE_NS_ASSERTIONS = NO;
				GCC_C_LANGUAGE_STANDARD = gnu99;
				GCC_WARN_64_TO_32_BIT_CONVERSION = YES;
				GCC_WARN_ABOUT_RETURN_TYPE = YES_ERROR;
				GCC_WARN_UNDECLARED_SELECTOR = YES;
				GCC_WARN_UNINITIALIZED_AUTOS = YES_AGGRESSIVE;
				GCC_WARN_UNUSED_FUNCTION = YES;
				GCC_WARN_UNUSED_VARIABLE = YES;
				IPHONEOS_DEPLOYMENT_TARGET = 7.1;
				SDKROOT = iphoneos;
				VALIDATE_PRODUCT = YES;
			};
			name = Release;
		};
		565F96241A0B74CE009DAF5D /* Debug */ = {
			isa = XCBuildConfiguration;
			buildSettings = {
				ASSETCATALOG_COMPILER_APPICON_NAME = AppIcon;
				ASSETCATALOG_COMPILER_LAUNCHIMAGE_NAME = LaunchImage;
				GCC_PRECOMPILE_PREFIX_HEADER = YES;
				GCC_PREFIX_HEADER = "XBrowser/XBrowser-Prefix.pch";
				INFOPLIST_FILE = "XBrowser/XBrowser-Info.plist";
				PRODUCT_NAME = "$(TARGET_NAME)";
				WRAPPER_EXTENSION = app;
			};
			name = Debug;
		};
		565F96251A0B74CE009DAF5D /* Release */ = {
			isa = XCBuildConfiguration;
			buildSettings = {
				ASSETCATALOG_COMPILER_APPICON_NAME = AppIcon;
				ASSETCATALOG_COMPILER_LAUNCHIMAGE_NAME = LaunchImage;
				GCC_PRECOMPILE_PREFIX_HEADER = YES;
				GCC_PREFIX_HEADER = "XBrowser/XBrowser-Prefix.pch";
				INFOPLIST_FILE = "XBrowser/XBrowser-Info.plist";
				PRODUCT_NAME = "$(TARGET_NAME)";
				WRAPPER_EXTENSION = app;
			};
			name = Release;
		};
		565F96271A0B74CE009DAF5D /* Debug */ = {
			isa = XCBuildConfiguration;
			buildSettings = {
				BUNDLE_LOADER = "$(BUILT_PRODUCTS_DIR)/XBrowser.app/XBrowser";
				FRAMEWORK_SEARCH_PATHS = (
					"$(SDKROOT)/Developer/Library/Frameworks",
					"$(inherited)",
					"$(DEVELOPER_FRAMEWORKS_DIR)",
				);
				GCC_PRECOMPILE_PREFIX_HEADER = YES;
				GCC_PREFIX_HEADER = "XBrowser/XBrowser-Prefix.pch";
				GCC_PREPROCESSOR_DEFINITIONS = (
					"DEBUG=1",
					"$(inherited)",
				);
				INFOPLIST_FILE = "XBrowserTests/XBrowserTests-Info.plist";
				PRODUCT_NAME = "$(TARGET_NAME)";
				TEST_HOST = "$(BUNDLE_LOADER)";
				WRAPPER_EXTENSION = xctest;
			};
			name = Debug;
		};
		565F96281A0B74CE009DAF5D /* Release */ = {
			isa = XCBuildConfiguration;
			buildSettings = {
				BUNDLE_LOADER = "$(BUILT_PRODUCTS_DIR)/XBrowser.app/XBrowser";
				FRAMEWORK_SEARCH_PATHS = (
					"$(SDKROOT)/Developer/Library/Frameworks",
					"$(inherited)",
					"$(DEVELOPER_FRAMEWORKS_DIR)",
				);
				GCC_PRECOMPILE_PREFIX_HEADER = YES;
				GCC_PREFIX_HEADER = "XBrowser/XBrowser-Prefix.pch";
				INFOPLIST_FILE = "XBrowserTests/XBrowserTests-Info.plist";
				PRODUCT_NAME = "$(TARGET_NAME)";
				TEST_HOST = "$(BUNDLE_LOADER)";
				WRAPPER_EXTENSION = xctest;
			};
			name = Release;
		};
/* End XCBuildConfiguration section */

/* Begin XCConfigurationList section */
		565F95EC1A0B74CE009DAF5D /* Build configuration list for PBXProject "XBrowser" */ = {
			isa = XCConfigurationList;
			buildConfigurations = (
				565F96211A0B74CE009DAF5D /* Debug */,
				565F96221A0B74CE009DAF5D /* Release */,
			);
			defaultConfigurationIsVisible = 0;
			defaultConfigurationName = Release;
		};
		565F96231A0B74CE009DAF5D /* Build configuration list for PBXNativeTarget "XBrowser" */ = {
			isa = XCConfigurationList;
			buildConfigurations = (
				565F96241A0B74CE009DAF5D /* Debug */,
				565F96251A0B74CE009DAF5D /* Release */,
			);
			defaultConfigurationIsVisible = 0;
		};
		565F96261A0B74CE009DAF5D /* Build configuration list for PBXNativeTarget "XBrowserTests" */ = {
			isa = XCConfigurationList;
			buildConfigurations = (
				565F96271A0B74CE009DAF5D /* Debug */,
				565F96281A0B74CE009DAF5D /* Release */,
			);
			defaultConfigurationIsVisible = 0;
		};
/* End XCConfigurationList section */
	};
	rootObject = 565F95E91A0B74CE009DAF5D /* Project object */;
}
